
Microsoft Visual Studio Solution File, Format Version 12.00
# Visual Studio Version 17
VisualStudioVersion = 17.6.33801.468
MinimumVisualStudioVersion = 10.0.40219.1
Project("{FAE04EC0-301F-11D3-BF4B-00C04F79EFBC}") = "SeedDataOneToMany", "SeedDataOneToMany\SeedDataOneToMany.csproj", "{DB56D876-445F-48CF-A5B2-24F11E7B7040}"
EndProject
Global
	GlobalSection(SolutionConfigurationPlatforms) = preSolution
		Debug|Any CPU = Debug|Any CPU
		Release|Any CPU = Release|Any CPU
	EndGlobalSection
	GlobalSection(ProjectConfigurationPlatforms) = postSolution
		{DB56D876-445F-48CF-A5B2-24F11E7B7040}.Debug|Any CPU.ActiveCfg = Debug|Any CPU
		{DB56D876-445F-48CF-A5B2-24F11E7B7040}.Debug|Any CPU.Build.0 = Debug|Any CPU
		{DB56D876-445F-48CF-A5B2-24F11E7B7040}.Release|Any CPU.ActiveCfg = Release|Any CPU
		{DB56D876-445F-48CF-A5B2-24F11E7B7040}.Release|Any CPU.Build.0 = Release|Any CPU
	EndGlobalSection
	GlobalSection(SolutionProperties) = preSolution
		HideSolutionNode = FALSE
	EndGlobalSection
	GlobalSection(ExtensibilityGlobals) = postSolution
		SolutionGuid = {1CB867E7-9203-4FB7-85FF-365F0B79969B}
	EndGlobalSection
EndGlobal
